
Microsoft Visual Studio Solution File, Format Version 12.00
# Visual Studio 14
VisualStudioVersion = 14.0.23107.0
MinimumVisualStudioVersion = 10.0.40219.1
Project("{FAE04EC0-301F-11D3-BF4B-00C04F79EFBC}") = "ViveOverlayPaster", "ViveOverlayPaster\ViveOverlayPaster.csproj", "{AAA17CC3-EB6F-4AB4-B7F5-2DFADF87FE1B}"
EndProject
Global
	GlobalSection(SolutionConfigurationPlatforms) = preSolution
		Debug|x64 = Debug|x64
		Debug|x86 = Debug|x86
		Release|x64 = Release|x64
		Release|x86 = Release|x86
	EndGlobalSection
	GlobalSection(ProjectConfigurationPlatforms) = postSolution
		{AAA17CC3-EB6F-4AB4-B7F5-2DFADF87FE1B}.Debug|x64.ActiveCfg = Debug|x64
		{AAA17CC3-EB6F-4AB4-B7F5-2DFADF87FE1B}.Debug|x64.Build.0 = Debug|x64
		{AAA17CC3-EB6F-4AB4-B7F5-2DFADF87FE1B}.Debug|x86.ActiveCfg = Debug|x86
		{AAA17CC3-EB6F-4AB4-B7F5-2DFADF87FE1B}.Debug|x86.Build.0 = Debug|x86
		{AAA17CC3-EB6F-4AB4-B7F5-2DFADF87FE1B}.Debug|x86.Deploy.0 = Debug|x86
		{AAA17CC3-EB6F-4AB4-B7F5-2DFADF87FE1B}.Release|x64.ActiveCfg = Release|x64
		{AAA17CC3-EB6F-4AB4-B7F5-2DFADF87FE1B}.Release|x64.Build.0 = Release|x64
		{AAA17CC3-EB6F-4AB4-B7F5-2DFADF87FE1B}.Release|x86.ActiveCfg = Release|x86
		{AAA17CC3-EB6F-4AB4-B7F5-2DFADF87FE1B}.Release|x86.Build.0 = Release|x86
	EndGlobalSection
	GlobalSection(SolutionProperties) = preSolution
		HideSolutionNode = FALSE
	EndGlobalSection
EndGlobal
